
Microsoft Visual Studio Solution File, Format Version 12.00
# Visual Studio Version 16
VisualStudioVersion = 16.0.29424.173
MinimumVisualStudioVersion = 10.0.40219.1
Project("{FAE04EC0-301F-11D3-BF4B-00C04F79EFBC}") = "shopping-app.Android", "shopping-app\shopping-app.Android\shopping-app.Android.csproj", "{50515592-2079-426C-93C9-110805201EF9}"
EndProject
Project("{FAE04EC0-301F-11D3-BF4B-00C04F79EFBC}") = "shopping-app", "shopping-app\shopping-app\shopping-app.csproj", "{094F5C99-F5FB-4179-9D57-B07146E99479}"
EndProject
Global
	GlobalSection(SolutionConfigurationPlatforms) = preSolution
		Debug|Any CPU = Debug|Any CPU
		Release|Any CPU = Release|Any CPU
	EndGlobalSection
	GlobalSection(ProjectConfigurationPlatforms) = postSolution
		{50515592-2079-426C-93C9-110805201EF9}.Debug|Any CPU.ActiveCfg = Debug|Any CPU
		{50515592-2079-426C-93C9-110805201EF9}.Debug|Any CPU.Build.0 = Debug|Any CPU
		{50515592-2079-426C-93C9-110805201EF9}.Debug|Any CPU.Deploy.0 = Debug|Any CPU
		{50515592-2079-426C-93C9-110805201EF9}.Release|Any CPU.ActiveCfg = Release|Any CPU
		{50515592-2079-426C-93C9-110805201EF9}.Release|Any CPU.Build.0 = Release|Any CPU
		{50515592-2079-426C-93C9-110805201EF9}.Release|Any CPU.Deploy.0 = Release|Any CPU
		{094F5C99-F5FB-4179-9D57-B07146E99479}.Debug|Any CPU.ActiveCfg = Debug|Any CPU
		{094F5C99-F5FB-4179-9D57-B07146E99479}.Debug|Any CPU.Build.0 = Debug|Any CPU
		{094F5C99-F5FB-4179-9D57-B07146E99479}.Debug|Any CPU.Deploy.0 = Debug|Any CPU
		{094F5C99-F5FB-4179-9D57-B07146E99479}.Release|Any CPU.ActiveCfg = Release|Any CPU
		{094F5C99-F5FB-4179-9D57-B07146E99479}.Release|Any CPU.Build.0 = Release|Any CPU
		{094F5C99-F5FB-4179-9D57-B07146E99479}.Release|Any CPU.Deploy.0 = Release|Any CPU
	EndGlobalSection
	GlobalSection(SolutionProperties) = preSolution
		HideSolutionNode = FALSE
	EndGlobalSection
	GlobalSection(ExtensibilityGlobals) = postSolution
		SolutionGuid = {CFA0C40E-E707-4FE6-8808-154D93A118A9}
	EndGlobalSection
EndGlobal
